Microsoft Visual Studio Solution File, Format Version 11.00
# Visual Studio 2008

Project("{5F6D7ECC-B93C-CA8E-611C-2AB7C56A954D}") = "3DMMonopoly", "Assembly-CSharp-firstpass-vs.csproj", "{2A1F8BBD-CEA5-601C-125A-F8C98C213E2E}"
EndProject
Project("{5F6D7ECC-B93C-CA8E-611C-2AB7C56A954D}") = "3DMMonopoly", "Assembly-CSharp-vs.csproj", "{2059F30B-9130-EA8E-4EA4-DF22D1702AEF}"
EndProject
Project("{5F6D7ECC-B93C-CA8E-611C-2AB7C56A954D}") = "3DMMonopoly", "Assembly-CSharp-Editor-vs.csproj", "{BE3A15E7-9A8A-FC6C-26A9-715C9D3AF9DB}"
EndProject
Global
	GlobalSection(SolutionConfigurationPlatforms) = preSolution
		Debug|Any CPU = Debug|Any CPU
		Release|Any CPU = Release|Any CPU
	EndGlobalSection
	GlobalSection(ProjectConfigurationPlatforms) = postSolution
		{2A1F8BBD-CEA5-601C-125A-F8C98C213E2E}.Debug|Any CPU.ActiveCfg = Debug|Any CPU
		{2A1F8BBD-CEA5-601C-125A-F8C98C213E2E}.Debug|Any CPU.Build.0 = Debug|Any CPU
		{2A1F8BBD-CEA5-601C-125A-F8C98C213E2E}.Release|Any CPU.ActiveCfg = Release|Any CPU
		{2A1F8BBD-CEA5-601C-125A-F8C98C213E2E}.Release|Any CPU.Build.0 = Release|Any CPU
		{2059F30B-9130-EA8E-4EA4-DF22D1702AEF}.Debug|Any CPU.ActiveCfg = Debug|Any CPU
		{2059F30B-9130-EA8E-4EA4-DF22D1702AEF}.Debug|Any CPU.Build.0 = Debug|Any CPU
		{2059F30B-9130-EA8E-4EA4-DF22D1702AEF}.Release|Any CPU.ActiveCfg = Release|Any CPU
		{2059F30B-9130-EA8E-4EA4-DF22D1702AEF}.Release|Any CPU.Build.0 = Release|Any CPU
		{BE3A15E7-9A8A-FC6C-26A9-715C9D3AF9DB}.Debug|Any CPU.ActiveCfg = Debug|Any CPU
		{BE3A15E7-9A8A-FC6C-26A9-715C9D3AF9DB}.Debug|Any CPU.Build.0 = Debug|Any CPU
		{BE3A15E7-9A8A-FC6C-26A9-715C9D3AF9DB}.Release|Any CPU.ActiveCfg = Release|Any CPU
		{BE3A15E7-9A8A-FC6C-26A9-715C9D3AF9DB}.Release|Any CPU.Build.0 = Release|Any CPU
	EndGlobalSection
	GlobalSection(SolutionProperties) = preSolution
		HideSolutionNode = FALSE
	EndGlobalSection
							GlobalSection(MonoDevelopProperties) = preSolution
		StartupItem = Assembly-CSharp.csproj
		Policies = $0
		$0.TextStylePolicy = $1
		$1.inheritsSet = null
		$1.scope = text/x-csharp
		$0.CSharpFormattingPolicy = $2
		$2.inheritsSet = Mono
		$2.inheritsScope = text/x-csharp
		$2.scope = text/x-csharp
		$0.TextStylePolicy = $3
		$3.FileWidth = 120
		$3.TabWidth = 4
		$3.EolMarker = Unix
		$3.inheritsSet = Mono
		$3.inheritsScope = text/plain
		$3.scope = text/plain
	EndGlobalSection

EndGlobal
